github.com/davecgh/go-spew v1.1.1/go.mod h1:J7Y8YcW2NihsgmVo/mv3lAwl/skON4iLHjSsI+c5H38=
github.com/djumanoff/amqp v1.0.6 h1:su9ywx/MFPcGBPE9J3Q8F2f7W702lq5HBXhRqwc6MXY=
github.com/djumanoff/amqp v1.0.6/go.mod h1:iMGsrDyTlB0+Wx2WQQPo2eqyKMHWdv/XsLyv780DUe8=
github.com/google/uuid v1.3.0 h1:t6JiXgmwXMjEs8VusXIJk2BXHsn+wx8BZdTaoZ5fu7I=
github.com/google/uuid v1.3.0/go.mod h1:TIyPZe4MgqvfeYDBFedMoGGpEw/LqOeaOT+nhxU+yHo=
github.com/kirigaikabuto/common-lib21 v0.0.0-20210810113655-e89ed9ca15e2 h1:uv7Uk6r3YmwKJizvJVL/AzBwSsJYBP8GUM+S1LZA4yM=
github.com/kirigaikabuto/common-lib21 v0.0.0-20210810113655-e89ed9ca15e2/go.mod h1:s+yjUGujPmI60WJk2WQhF7GO3PPyouxJCDa+BbgP47g=
github.com/kirigaikabuto/lesson20acl v0.0.0-20210810114217-78a5b5d88d0e h1:3s17N4gcYoyyc04P2FGZvEIYKN4PZw2aQdv5XySR7Ps=
github.com/kirigaikabuto/lesson20acl v0.0.0-20210810114217-78a5b5d88d0e/go.mod h1:Dgna809zCtTrS8saAYf/aKpGXlVzwF5BvhLKwksOmco=
github.com/kirigaikabuto/lesson20acl v0.0.0-20210810114626-a14840ba5963 h1:nDv4egPn1sheVNlvBKhteLXJapLRgcloMYij5FRZK9c=
github.com/kirigaikabuto/lesson20acl v0.0.0-20210810114626-a14840ba5963/go.mod h1:Dgna809zCtTrS8saAYf/aKpGXlVzwF5BvhLKwksOmco=
github.com/konsorten/go-windows-terminal-sequences v0.0.0-20180402223658-b729f2633dfe h1:CHRGQ8V7OlCYtwaKPJi3iA7J+YdNKdo8j7nG5IgDhjs=
github.com/konsorten/go-windows-terminal-sequences v0.0.0-20180402223658-b729f2633dfe/go.mod h1:T0+1ngSBFLxvqU3pZ+m/2kptfBszLMUkC4ZK/EgS/cQ=
github.com/lib/pq v1.10.2 h1:AqzbZs4ZoCBp+GtejcpCpcxM3zlSMx29dXbUSeVtJb8=
github.com/lib/pq v1.10.2/go.mod h1:AlVN5x4E4T544tWzH6hKfbfQvm3HdbOxrmggDNAPY9o=
github.com/pmezard/go-difflib v1.0.0/go.mod h1:iKH77koFhYxTK1pcRnkKkqfTogsbg7gZNVY4sRDYZ/4=
github.com/sirupsen/logrus v1.1.0 h1:65VZabgUiV9ktjGM5nTq0+YurgTyX+YI2lSSfDjI+qU=
github.com/sirupsen/logrus v1.1.0/go.mod h1:zrgwTnHtNr00buQ1vSptGe8m1f/BbgsPukg8qsT7A+A=
github.com/streadway/amqp v0.0.0-20180806233856-70e15c650864 h1:Oj3PUEs+OUSYUpn35O+BE/ivHGirKixA3+vqA0Atu9A=
github.com/streadway/amqp v0.0.0-20180806233856-70e15c650864/go.mod h1:1WNBiOZtZQLpVAyu0iTduoJL9hEsMloAK5XWrtW0xdY=
github.com/stretchr/testify v1.2.2/go.mod h1:a8OnRcib4nhh0OaRAV+Yts87kKdq0PP7pXfy6kDkUVs=
golang.org/x/crypto v0.0.0-20180904163835-0709b304e793 h1:u+LnwYTOOW7Ukr/fppxEb1Nwz0AtPflrblfvUudpo+I=
golang.org/x/crypto v0.0.0-20180904163835-0709b304e793/go.mod h1:6SG95UA2DQfeDnfUPMdvaQW0Q7yPrPDi9nlGo2tz2b4=
golang.org/x/sys v0.0.0-20180905080454-ebe1bf3edb33 h1:I6FyU15t786LL7oL/hn43zqTuEGr4PN7F4XJ1p4E3Y8=
golang.org/x/sys v0.0.0-20180905080454-ebe1bf3edb33/go.mod h1:STP8DvDyc/dI5b8T5hshtkjS+E42TnysNCUPdjciGhY=
